
Microsoft Visual Studio Solution File, Format Version 12.00
# Visual Studio 15
VisualStudioVersion = 15.0.27130.2020
MinimumVisualStudioVersion = 10.0.40219.1
Project("{8BC9CEB8-8B4A-11D0-8D11-00A0C91BC942}") = "lazy_importer", "lazy_importer\lazy_importer.vcxproj", "{722A0838-3DF9-491E-B37E-F6AED271F9A8}"
EndProject
Global
	GlobalSection(SolutionConfigurationPlatforms) = preSolution
		Debug|x64 = Debug|x64
		Debug|x86 = Debug|x86
		Release|x64 = Release|x64
		Release|x86 = Release|x86
	EndGlobalSection
	GlobalSection(ProjectConfigurationPlatforms) = postSolution
		{722A0838-3DF9-491E-B37E-F6AED271F9A8}.Debug|x64.ActiveCfg = Debug|x64
		{722A0838-3DF9-491E-B37E-F6AED271F9A8}.Debug|x64.Build.0 = Debug|x64
		{722A0838-3DF9-491E-B37E-F6AED271F9A8}.Debug|x86.ActiveCfg = Debug|Win32
		{722A0838-3DF9-491E-B37E-F6AED271F9A8}.Debug|x86.Build.0 = Debug|Win32
		{722A0838-3DF9-491E-B37E-F6AED271F9A8}.Release|x64.ActiveCfg = Release|x64
		{722A0838-3DF9-491E-B37E-F6AED271F9A8}.Release|x64.Build.0 = Release|x64
		{722A0838-3DF9-491E-B37E-F6AED271F9A8}.Release|x86.ActiveCfg = Release|Win32
		{722A0838-3DF9-491E-B37E-F6AED271F9A8}.Release|x86.Build.0 = Release|Win32
	EndGlobalSection
	GlobalSection(SolutionProperties) = preSolution
		HideSolutionNode = FALSE
	EndGlobalSection
	GlobalSection(ExtensibilityGlobals) = postSolution
		SolutionGuid = {2355F9D2-0565-43DD-A159-FA148D97F3E2}
	EndGlobalSection
EndGlobal
